
Microsoft Visual Studio Solution File, Format Version 12.00
# Visual Studio Version 16
VisualStudioVersion = 16.0.29230.47
MinimumVisualStudioVersion = 10.0.40219.1
Project("{FAE04EC0-301F-11D3-BF4B-00C04F79EFBC}") = "NetCoreAPI", "NetCoreAPI\NetCoreAPI.csproj", "{1D862548-11D7-4869-8A4D-BA760DBD6D9F}"
EndProject
Project("{00D1A9C2-B5F0-4AF3-8072-F6C62B433612}") = "AuthDB", "AuthDB\AuthDB.sqlproj", "{4D4C1AF1-2063-49EC-8E27-4D7F19F66131}"
EndProject
Global
	GlobalSection(SolutionConfigurationPlatforms) = preSolution
		Debug|Any CPU = Debug|Any CPU
		Release|Any CPU = Release|Any CPU
	EndGlobalSection
	GlobalSection(ProjectConfigurationPlatforms) = postSolution
		{1D862548-11D7-4869-8A4D-BA760DBD6D9F}.Debug|Any CPU.ActiveCfg = Debug|Any CPU
		{1D862548-11D7-4869-8A4D-BA760DBD6D9F}.Debug|Any CPU.Build.0 = Debug|Any CPU
		{1D862548-11D7-4869-8A4D-BA760DBD6D9F}.Release|Any CPU.ActiveCfg = Release|Any CPU
		{1D862548-11D7-4869-8A4D-BA760DBD6D9F}.Release|Any CPU.Build.0 = Release|Any CPU
		{4D4C1AF1-2063-49EC-8E27-4D7F19F66131}.Debug|Any CPU.ActiveCfg = Debug|Any CPU
		{4D4C1AF1-2063-49EC-8E27-4D7F19F66131}.Debug|Any CPU.Build.0 = Debug|Any CPU
		{4D4C1AF1-2063-49EC-8E27-4D7F19F66131}.Debug|Any CPU.Deploy.0 = Debug|Any CPU
		{4D4C1AF1-2063-49EC-8E27-4D7F19F66131}.Release|Any CPU.ActiveCfg = Release|Any CPU
		{4D4C1AF1-2063-49EC-8E27-4D7F19F66131}.Release|Any CPU.Build.0 = Release|Any CPU
		{4D4C1AF1-2063-49EC-8E27-4D7F19F66131}.Release|Any CPU.Deploy.0 = Release|Any CPU
	EndGlobalSection
	GlobalSection(SolutionProperties) = preSolution
		HideSolutionNode = FALSE
	EndGlobalSection
	GlobalSection(ExtensibilityGlobals) = postSolution
		SolutionGuid = {49ECB2C8-0326-411E-B013-361795817698}
	EndGlobalSection
EndGlobal
